
Microsoft Visual Studio Solution File, Format Version 12.00
# Visual Studio 15
VisualStudioVersion = 15.0.27130.2027
MinimumVisualStudioVersion = 10.0.40219.1
Project("{FAE04EC0-301F-11D3-BF4B-00C04F79EFBC}") = "DBGen", "DBGen.csproj", "{F82582B0-FC2D-4279-B123-A2EAACD0360C}"
EndProject
Global
	GlobalSection(SolutionConfigurationPlatforms) = preSolution
		Debug|Any CPU = Debug|Any CPU
		Release|Any CPU = Release|Any CPU
	EndGlobalSection
	GlobalSection(ProjectConfigurationPlatforms) = postSolution
		{F82582B0-FC2D-4279-B123-A2EAACD0360C}.Debug|Any CPU.ActiveCfg = Debug|Any CPU
		{F82582B0-FC2D-4279-B123-A2EAACD0360C}.Debug|Any CPU.Build.0 = Debug|Any CPU
		{F82582B0-FC2D-4279-B123-A2EAACD0360C}.Release|Any CPU.ActiveCfg = Release|Any CPU
		{F82582B0-FC2D-4279-B123-A2EAACD0360C}.Release|Any CPU.Build.0 = Release|Any CPU
	EndGlobalSection
	GlobalSection(SolutionProperties) = preSolution
		HideSolutionNode = FALSE
	EndGlobalSection
	GlobalSection(ExtensibilityGlobals) = postSolution
		SolutionGuid = {2D6D5691-5396-4B52-8BE0-2E70111FDC7E}
	EndGlobalSection
EndGlobal
