
Microsoft Visual Studio Solution File, Format Version 12.00
# Visual Studio 15
VisualStudioVersion = 15.0.27130.2027
MinimumVisualStudioVersion = 10.0.40219.1
Project("{9A19103F-16F7-4668-BE54-9A1E7A4F7556}") = "DBGenBL", "DBGenBL\DBGenBL.csproj", "{1C455D4E-BDD1-43FB-BDB2-675BB99D09F2}"
EndProject
Global
	GlobalSection(SolutionConfigurationPlatforms) = preSolution
		Debug|Any CPU = Debug|Any CPU
		Release|Any CPU = Release|Any CPU
	EndGlobalSection
	GlobalSection(ProjectConfigurationPlatforms) = postSolution
		{1C455D4E-BDD1-43FB-BDB2-675BB99D09F2}.Debug|Any CPU.ActiveCfg = Debug|Any CPU
		{1C455D4E-BDD1-43FB-BDB2-675BB99D09F2}.Debug|Any CPU.Build.0 = Debug|Any CPU
		{1C455D4E-BDD1-43FB-BDB2-675BB99D09F2}.Release|Any CPU.ActiveCfg = Release|Any CPU
		{1C455D4E-BDD1-43FB-BDB2-675BB99D09F2}.Release|Any CPU.Build.0 = Release|Any CPU
	EndGlobalSection
	GlobalSection(SolutionProperties) = preSolution
		HideSolutionNode = FALSE
	EndGlobalSection
	GlobalSection(ExtensibilityGlobals) = postSolution
		SolutionGuid = {2D6D5691-5396-4B52-8BE0-2E70111FDC7E}
	EndGlobalSection
EndGlobal
